
Microsoft Visual Studio Solution File, Format Version 12.00
# Visual Studio Version 17
VisualStudioVersion = 17.8.34408.163
MinimumVisualStudioVersion = 10.0.40219.1
Project("{FAE04EC0-301F-11D3-BF4B-00C04F79EFBC}") = "SwitchCase", "SwitchCase.csproj", "{96001A84-8EB4-4D0A-A0C5-8D34E0FA68EE}"
EndProject
Global
	GlobalSection(SolutionConfigurationPlatforms) = preSolution
		Debug|Any CPU = Debug|Any CPU
		Release|Any CPU = Release|Any CPU
	EndGlobalSection
	GlobalSection(ProjectConfigurationPlatforms) = postSolution
		{96001A84-8EB4-4D0A-A0C5-8D34E0FA68EE}.Debug|Any CPU.ActiveCfg = Debug|Any CPU
		{96001A84-8EB4-4D0A-A0C5-8D34E0FA68EE}.Debug|Any CPU.Build.0 = Debug|Any CPU
		{96001A84-8EB4-4D0A-A0C5-8D34E0FA68EE}.Release|Any CPU.ActiveCfg = Release|Any CPU
		{96001A84-8EB4-4D0A-A0C5-8D34E0FA68EE}.Release|Any CPU.Build.0 = Release|Any CPU
	EndGlobalSection
	GlobalSection(SolutionProperties) = preSolution
		HideSolutionNode = FALSE
	EndGlobalSection
	GlobalSection(ExtensibilityGlobals) = postSolution
		SolutionGuid = {763D1B23-ADF2-4C6D-8EF9-72AAFEE3DC35}
	EndGlobalSection
EndGlobal
